
Microsoft Visual Studio Solution File, Format Version 12.00
# Visual Studio Version 16
VisualStudioVersion = 16.0.32002.261
MinimumVisualStudioVersion = 10.0.40219.1
Project("{FAE04EC0-301F-11D3-BF4B-00C04F79EFBC}") = "BookLibProject", "BookLibProject\BookLibProject.csproj", "{B8C52A7E-DFEC-443A-BBA1-895DACC7AEC7}"
	ProjectSection(ProjectDependencies) = postProject
		{8432BF51-D9A6-4802-B54D-ECC45C0F8688} = {8432BF51-D9A6-4802-B54D-ECC45C0F8688}
	EndProjectSection
EndProject
Project("{FAE04EC0-301F-11D3-BF4B-00C04F79EFBC}") = "BookManager", "BookManager1\BookManager.csproj", "{5EB8E1AC-B939-4E02-8694-42131165D78E}"
EndProject
Project("{FAE04EC0-301F-11D3-BF4B-00C04F79EFBC}") = "LoginLogic", "LoginLogic\LoginLogic.csproj", "{DB2F9B33-2C36-475C-BA47-E1AA289EFBB6}"
EndProject
Project("{FAE04EC0-301F-11D3-BF4B-00C04F79EFBC}") = "SaveLoadLogic", "SaveLoadLogic\SaveLoadLogic.csproj", "{E2EDA439-161D-4BFF-9CC9-130E33EF7F8D}"
EndProject
Project("{FAE04EC0-301F-11D3-BF4B-00C04F79EFBC}") = "ImageLogic", "ImageLogic\ImageLogic.csproj", "{8432BF51-D9A6-4802-B54D-ECC45C0F8688}"
EndProject
Project("{FAE04EC0-301F-11D3-BF4B-00C04F79EFBC}") = "UnitTestLibProject", "UnitTestLibProject\UnitTestLibProject.csproj", "{B6E0EC8C-418A-48C1-8850-05A4B1AAC238}"
EndProject
Project("{FAE04EC0-301F-11D3-BF4B-00C04F79EFBC}") = "ExceptionManager", "ExceptionManager\ExceptionManager.csproj", "{FA346B4D-199F-4AE0-8F05-E9B6C509E33D}"
EndProject
Global
	GlobalSection(SolutionConfigurationPlatforms) = preSolution
		Debug|Any CPU = Debug|Any CPU
		Debug|ARM = Debug|ARM
		Debug|ARM64 = Debug|ARM64
		Debug|x64 = Debug|x64
		Debug|x86 = Debug|x86
		Release|Any CPU = Release|Any CPU
		Release|ARM = Release|ARM
		Release|ARM64 = Release|ARM64
		Release|x64 = Release|x64
		Release|x86 = Release|x86
	EndGlobalSection
	GlobalSection(ProjectConfigurationPlatforms) = postSolution
		{B8C52A7E-DFEC-443A-BBA1-895DACC7AEC7}.Debug|Any CPU.ActiveCfg = Debug|x86
		{B8C52A7E-DFEC-443A-BBA1-895DACC7AEC7}.Debug|ARM.ActiveCfg = Debug|ARM
		{B8C52A7E-DFEC-443A-BBA1-895DACC7AEC7}.Debug|ARM.Build.0 = Debug|ARM
		{B8C52A7E-DFEC-443A-BBA1-895DACC7AEC7}.Debug|ARM.Deploy.0 = Debug|ARM
		{B8C52A7E-DFEC-443A-BBA1-895DACC7AEC7}.Debug|ARM64.ActiveCfg = Debug|ARM64
		{B8C52A7E-DFEC-443A-BBA1-895DACC7AEC7}.Debug|ARM64.Build.0 = Debug|ARM64
		{B8C52A7E-DFEC-443A-BBA1-895DACC7AEC7}.Debug|ARM64.Deploy.0 = Debug|ARM64
		{B8C52A7E-DFEC-443A-BBA1-895DACC7AEC7}.Debug|x64.ActiveCfg = Debug|x64
		{B8C52A7E-DFEC-443A-BBA1-895DACC7AEC7}.Debug|x64.Build.0 = Debug|x64
		{B8C52A7E-DFEC-443A-BBA1-895DACC7AEC7}.Debug|x64.Deploy.0 = Debug|x64
		{B8C52A7E-DFEC-443A-BBA1-895DACC7AEC7}.Debug|x86.ActiveCfg = Debug|x86
		{B8C52A7E-DFEC-443A-BBA1-895DACC7AEC7}.Debug|x86.Build.0 = Debug|x86
		{B8C52A7E-DFEC-443A-BBA1-895DACC7AEC7}.Debug|x86.Deploy.0 = Debug|x86
		{B8C52A7E-DFEC-443A-BBA1-895DACC7AEC7}.Release|Any CPU.ActiveCfg = Release|x86
		{B8C52A7E-DFEC-443A-BBA1-895DACC7AEC7}.Release|ARM.ActiveCfg = Release|ARM
		{B8C52A7E-DFEC-443A-BBA1-895DACC7AEC7}.Release|ARM.Build.0 = Release|ARM
		{B8C52A7E-DFEC-443A-BBA1-895DACC7AEC7}.Release|ARM.Deploy.0 = Release|ARM
		{B8C52A7E-DFEC-443A-BBA1-895DACC7AEC7}.Release|ARM64.ActiveCfg = Release|ARM64
		{B8C52A7E-DFEC-443A-BBA1-895DACC7AEC7}.Release|ARM64.Build.0 = Release|ARM64
		{B8C52A7E-DFEC-443A-BBA1-895DACC7AEC7}.Release|ARM64.Deploy.0 = Release|ARM64
		{B8C52A7E-DFEC-443A-BBA1-895DACC7AEC7}.Release|x64.ActiveCfg = Release|x64
		{B8C52A7E-DFEC-443A-BBA1-895DACC7AEC7}.Release|x64.Build.0 = Release|x64
		{B8C52A7E-DFEC-443A-BBA1-895DACC7AEC7}.Release|x64.Deploy.0 = Release|x64
		{B8C52A7E-DFEC-443A-BBA1-895DACC7AEC7}.Release|x86.ActiveCfg = Release|x86
		{B8C52A7E-DFEC-443A-BBA1-895DACC7AEC7}.Release|x86.Build.0 = Release|x86
		{B8C52A7E-DFEC-443A-BBA1-895DACC7AEC7}.Release|x86.Deploy.0 = Release|x86
		{5EB8E1AC-B939-4E02-8694-42131165D78E}.Debug|Any CPU.ActiveCfg = Debug|Any CPU
		{5EB8E1AC-B939-4E02-8694-42131165D78E}.Debug|Any CPU.Build.0 = Debug|Any CPU
		{5EB8E1AC-B939-4E02-8694-42131165D78E}.Debug|ARM.ActiveCfg = Debug|ARM
		{5EB8E1AC-B939-4E02-8694-42131165D78E}.Debug|ARM.Build.0 = Debug|ARM
		{5EB8E1AC-B939-4E02-8694-42131165D78E}.Debug|ARM64.ActiveCfg = Debug|ARM64
		{5EB8E1AC-B939-4E02-8694-42131165D78E}.Debug|ARM64.Build.0 = Debug|ARM64
		{5EB8E1AC-B939-4E02-8694-42131165D78E}.Debug|x64.ActiveCfg = Debug|x64
		{5EB8E1AC-B939-4E02-8694-42131165D78E}.Debug|x64.Build.0 = Debug|x64
		{5EB8E1AC-B939-4E02-8694-42131165D78E}.Debug|x86.ActiveCfg = Debug|x86
		{5EB8E1AC-B939-4E02-8694-42131165D78E}.Debug|x86.Build.0 = Debug|x86
		{5EB8E1AC-B939-4E02-8694-42131165D78E}.Release|Any CPU.ActiveCfg = Release|Any CPU
		{5EB8E1AC-B939-4E02-8694-42131165D78E}.Release|Any CPU.Build.0 = Release|Any CPU
		{5EB8E1AC-B939-4E02-8694-42131165D78E}.Release|ARM.ActiveCfg = Release|ARM
		{5EB8E1AC-B939-4E02-8694-42131165D78E}.Release|ARM.Build.0 = Release|ARM
		{5EB8E1AC-B939-4E02-8694-42131165D78E}.Release|ARM64.ActiveCfg = Release|ARM64
		{5EB8E1AC-B939-4E02-8694-42131165D78E}.Release|ARM64.Build.0 = Release|ARM64
		{5EB8E1AC-B939-4E02-8694-42131165D78E}.Release|x64.ActiveCfg = Release|x64
		{5EB8E1AC-B939-4E02-8694-42131165D78E}.Release|x64.Build.0 = Release|x64
		{5EB8E1AC-B939-4E02-8694-42131165D78E}.Release|x86.ActiveCfg = Release|x86
		{5EB8E1AC-B939-4E02-8694-42131165D78E}.Release|x86.Build.0 = Release|x86
		{DB2F9B33-2C36-475C-BA47-E1AA289EFBB6}.Debug|Any CPU.ActiveCfg = Debug|Any CPU
		{DB2F9B33-2C36-475C-BA47-E1AA289EFBB6}.Debug|Any CPU.Build.0 = Debug|Any CPU
		{DB2F9B33-2C36-475C-BA47-E1AA289EFBB6}.Debug|ARM.ActiveCfg = Debug|ARM
		{DB2F9B33-2C36-475C-BA47-E1AA289EFBB6}.Debug|ARM.Build.0 = Debug|ARM
		{DB2F9B33-2C36-475C-BA47-E1AA289EFBB6}.Debug|ARM64.ActiveCfg = Debug|ARM64
		{DB2F9B33-2C36-475C-BA47-E1AA289EFBB6}.Debug|ARM64.Build.0 = Debug|ARM64
		{DB2F9B33-2C36-475C-BA47-E1AA289EFBB6}.Debug|x64.ActiveCfg = Debug|x64
		{DB2F9B33-2C36-475C-BA47-E1AA289EFBB6}.Debug|x64.Build.0 = Debug|x64
		{DB2F9B33-2C36-475C-BA47-E1AA289EFBB6}.Debug|x86.ActiveCfg = Debug|x86
		{DB2F9B33-2C36-475C-BA47-E1AA289EFBB6}.Debug|x86.Build.0 = Debug|x86
		{DB2F9B33-2C36-475C-BA47-E1AA289EFBB6}.Release|Any CPU.ActiveCfg = Release|Any CPU
		{DB2F9B33-2C36-475C-BA47-E1AA289EFBB6}.Release|Any CPU.Build.0 = Release|Any CPU
		{DB2F9B33-2C36-475C-BA47-E1AA289EFBB6}.Release|ARM.ActiveCfg = Release|ARM
		{DB2F9B33-2C36-475C-BA47-E1AA289EFBB6}.Release|ARM.Build.0 = Release|ARM
		{DB2F9B33-2C36-475C-BA47-E1AA289EFBB6}.Release|ARM64.ActiveCfg = Release|ARM64
		{DB2F9B33-2C36-475C-BA47-E1AA289EFBB6}.Release|ARM64.Build.0 = Release|ARM64
		{DB2F9B33-2C36-475C-BA47-E1AA289EFBB6}.Release|x64.ActiveCfg = Release|x64
		{DB2F9B33-2C36-475C-BA47-E1AA289EFBB6}.Release|x64.Build.0 = Release|x64
		{DB2F9B33-2C36-475C-BA47-E1AA289EFBB6}.Release|x86.ActiveCfg = Release|x86
		{DB2F9B33-2C36-475C-BA47-E1AA289EFBB6}.Release|x86.Build.0 = Release|x86
		{E2EDA439-161D-4BFF-9CC9-130E33EF7F8D}.Debug|Any CPU.ActiveCfg = Debug|Any CPU
		{E2EDA439-161D-4BFF-9CC9-130E33EF7F8D}.Debug|Any CPU.Build.0 = Debug|Any CPU
		{E2EDA439-161D-4BFF-9CC9-130E33EF7F8D}.Debug|ARM.ActiveCfg = Debug|ARM
		{E2EDA439-161D-4BFF-9CC9-130E33EF7F8D}.Debug|ARM.Build.0 = Debug|ARM
		{E2EDA439-161D-4BFF-9CC9-130E33EF7F8D}.Debug|ARM64.ActiveCfg = Debug|ARM64
		{E2EDA439-161D-4BFF-9CC9-130E33EF7F8D}.Debug|ARM64.Build.0 = Debug|ARM64
		{E2EDA439-161D-4BFF-9CC9-130E33EF7F8D}.Debug|x64.ActiveCfg = Debug|x64
		{E2EDA439-161D-4BFF-9CC9-130E33EF7F8D}.Debug|x64.Build.0 = Debug|x64
		{E2EDA439-161D-4BFF-9CC9-130E33EF7F8D}.Debug|x86.ActiveCfg = Debug|x86
		{E2EDA439-161D-4BFF-9CC9-130E33EF7F8D}.Debug|x86.Build.0 = Debug|x86
		{E2EDA439-161D-4BFF-9CC9-130E33EF7F8D}.Release|Any CPU.ActiveCfg = Release|Any CPU
		{E2EDA439-161D-4BFF-9CC9-130E33EF7F8D}.Release|Any CPU.Build.0 = Release|Any CPU
		{E2EDA439-161D-4BFF-9CC9-130E33EF7F8D}.Release|ARM.ActiveCfg = Release|ARM
		{E2EDA439-161D-4BFF-9CC9-130E33EF7F8D}.Release|ARM.Build.0 = Release|ARM
		{E2EDA439-161D-4BFF-9CC9-130E33EF7F8D}.Release|ARM64.ActiveCfg = Release|ARM64
		{E2EDA439-161D-4BFF-9CC9-130E33EF7F8D}.Release|ARM64.Build.0 = Release|ARM64
		{E2EDA439-161D-4BFF-9CC9-130E33EF7F8D}.Release|x64.ActiveCfg = Release|x64
		{E2EDA439-161D-4BFF-9CC9-130E33EF7F8D}.Release|x64.Build.0 = Release|x64
		{E2EDA439-161D-4BFF-9CC9-130E33EF7F8D}.Release|x86.ActiveCfg = Release|x86
		{E2EDA439-161D-4BFF-9CC9-130E33EF7F8D}.Release|x86.Build.0 = Release|x86
		{8432BF51-D9A6-4802-B54D-ECC45C0F8688}.Debug|Any CPU.ActiveCfg = Debug|Any CPU
		{8432BF51-D9A6-4802-B54D-ECC45C0F8688}.Debug|Any CPU.Build.0 = Debug|Any CPU
		{8432BF51-D9A6-4802-B54D-ECC45C0F8688}.Debug|ARM.ActiveCfg = Debug|ARM
		{8432BF51-D9A6-4802-B54D-ECC45C0F8688}.Debug|ARM.Build.0 = Debug|ARM
		{8432BF51-D9A6-4802-B54D-ECC45C0F8688}.Debug|ARM64.ActiveCfg = Debug|ARM64
		{8432BF51-D9A6-4802-B54D-ECC45C0F8688}.Debug|ARM64.Build.0 = Debug|ARM64
		{8432BF51-D9A6-4802-B54D-ECC45C0F8688}.Debug|x64.ActiveCfg = Debug|x64
		{8432BF51-D9A6-4802-B54D-ECC45C0F8688}.Debug|x64.Build.0 = Debug|x64
		{8432BF51-D9A6-4802-B54D-ECC45C0F8688}.Debug|x86.ActiveCfg = Debug|x86
		{8432BF51-D9A6-4802-B54D-ECC45C0F8688}.Debug|x86.Build.0 = Debug|x86
		{8432BF51-D9A6-4802-B54D-ECC45C0F8688}.Release|Any CPU.ActiveCfg = Release|Any CPU
		{8432BF51-D9A6-4802-B54D-ECC45C0F8688}.Release|Any CPU.Build.0 = Release|Any CPU
		{8432BF51-D9A6-4802-B54D-ECC45C0F8688}.Release|ARM.ActiveCfg = Release|ARM
		{8432BF51-D9A6-4802-B54D-ECC45C0F8688}.Release|ARM.Build.0 = Release|ARM
		{8432BF51-D9A6-4802-B54D-ECC45C0F8688}.Release|ARM64.ActiveCfg = Release|ARM64
		{8432BF51-D9A6-4802-B54D-ECC45C0F8688}.Release|ARM64.Build.0 = Release|ARM64
		{8432BF51-D9A6-4802-B54D-ECC45C0F8688}.Release|x64.ActiveCfg = Release|x64
		{8432BF51-D9A6-4802-B54D-ECC45C0F8688}.Release|x64.Build.0 = Release|x64
		{8432BF51-D9A6-4802-B54D-ECC45C0F8688}.Release|x86.ActiveCfg = Release|x86
		{8432BF51-D9A6-4802-B54D-ECC45C0F8688}.Release|x86.Build.0 = Release|x86
		{B6E0EC8C-418A-48C1-8850-05A4B1AAC238}.Debug|Any CPU.ActiveCfg = Debug|x86
		{B6E0EC8C-418A-48C1-8850-05A4B1AAC238}.Debug|ARM.ActiveCfg = Debug|ARM
		{B6E0EC8C-418A-48C1-8850-05A4B1AAC238}.Debug|ARM.Build.0 = Debug|ARM
		{B6E0EC8C-418A-48C1-8850-05A4B1AAC238}.Debug|ARM.Deploy.0 = Debug|ARM
		{B6E0EC8C-418A-48C1-8850-05A4B1AAC238}.Debug|ARM64.ActiveCfg = Debug|ARM64
		{B6E0EC8C-418A-48C1-8850-05A4B1AAC238}.Debug|ARM64.Build.0 = Debug|ARM64
		{B6E0EC8C-418A-48C1-8850-05A4B1AAC238}.Debug|ARM64.Deploy.0 = Debug|ARM64
		{B6E0EC8C-418A-48C1-8850-05A4B1AAC238}.Debug|x64.ActiveCfg = Debug|x64
		{B6E0EC8C-418A-48C1-8850-05A4B1AAC238}.Debug|x64.Build.0 = Debug|x64
		{B6E0EC8C-418A-48C1-8850-05A4B1AAC238}.Debug|x64.Deploy.0 = Debug|x64
		{B6E0EC8C-418A-48C1-8850-05A4B1AAC238}.Debug|x86.ActiveCfg = Debug|x86
		{B6E0EC8C-418A-48C1-8850-05A4B1AAC238}.Debug|x86.Build.0 = Debug|x86
		{B6E0EC8C-418A-48C1-8850-05A4B1AAC238}.Debug|x86.Deploy.0 = Debug|x86
		{B6E0EC8C-418A-48C1-8850-05A4B1AAC238}.Release|Any CPU.ActiveCfg = Release|x86
		{B6E0EC8C-418A-48C1-8850-05A4B1AAC238}.Release|ARM.ActiveCfg = Release|ARM
		{B6E0EC8C-418A-48C1-8850-05A4B1AAC238}.Release|ARM.Build.0 = Release|ARM
		{B6E0EC8C-418A-48C1-8850-05A4B1AAC238}.Release|ARM.Deploy.0 = Release|ARM
		{B6E0EC8C-418A-48C1-8850-05A4B1AAC238}.Release|ARM64.ActiveCfg = Release|ARM64
		{B6E0EC8C-418A-48C1-8850-05A4B1AAC238}.Release|ARM64.Build.0 = Release|ARM64
		{B6E0EC8C-418A-48C1-8850-05A4B1AAC238}.Release|ARM64.Deploy.0 = Release|ARM64
		{B6E0EC8C-418A-48C1-8850-05A4B1AAC238}.Release|x64.ActiveCfg = Release|x64
		{B6E0EC8C-418A-48C1-8850-05A4B1AAC238}.Release|x64.Build.0 = Release|x64
		{B6E0EC8C-418A-48C1-8850-05A4B1AAC238}.Release|x64.Deploy.0 = Release|x64
		{B6E0EC8C-418A-48C1-8850-05A4B1AAC238}.Release|x86.ActiveCfg = Release|x86
		{B6E0EC8C-418A-48C1-8850-05A4B1AAC238}.Release|x86.Build.0 = Release|x86
		{B6E0EC8C-418A-48C1-8850-05A4B1AAC238}.Release|x86.Deploy.0 = Release|x86
		{FA346B4D-199F-4AE0-8F05-E9B6C509E33D}.Debug|Any CPU.ActiveCfg = Debug|Any CPU
		{FA346B4D-199F-4AE0-8F05-E9B6C509E33D}.Debug|Any CPU.Build.0 = Debug|Any CPU
		{FA346B4D-199F-4AE0-8F05-E9B6C509E33D}.Debug|ARM.ActiveCfg = Debug|ARM
		{FA346B4D-199F-4AE0-8F05-E9B6C509E33D}.Debug|ARM.Build.0 = Debug|ARM
		{FA346B4D-199F-4AE0-8F05-E9B6C509E33D}.Debug|ARM64.ActiveCfg = Debug|ARM64
		{FA346B4D-199F-4AE0-8F05-E9B6C509E33D}.Debug|ARM64.Build.0 = Debug|ARM64
		{FA346B4D-199F-4AE0-8F05-E9B6C509E33D}.Debug|x64.ActiveCfg = Debug|x64
		{FA346B4D-199F-4AE0-8F05-E9B6C509E33D}.Debug|x64.Build.0 = Debug|x64
		{FA346B4D-199F-4AE0-8F05-E9B6C509E33D}.Debug|x86.ActiveCfg = Debug|x86
		{FA346B4D-199F-4AE0-8F05-E9B6C509E33D}.Debug|x86.Build.0 = Debug|x86
		{FA346B4D-199F-4AE0-8F05-E9B6C509E33D}.Release|Any CPU.ActiveCfg = Release|Any CPU
		{FA346B4D-199F-4AE0-8F05-E9B6C509E33D}.Release|Any CPU.Build.0 = Release|Any CPU
		{FA346B4D-199F-4AE0-8F05-E9B6C509E33D}.Release|ARM.ActiveCfg = Release|ARM
		{FA346B4D-199F-4AE0-8F05-E9B6C509E33D}.Release|ARM.Build.0 = Release|ARM
		{FA346B4D-199F-4AE0-8F05-E9B6C509E33D}.Release|ARM64.ActiveCfg = Release|ARM64
		{FA346B4D-199F-4AE0-8F05-E9B6C509E33D}.Release|ARM64.Build.0 = Release|ARM64
		{FA346B4D-199F-4AE0-8F05-E9B6C509E33D}.Release|x64.ActiveCfg = Release|x64
		{FA346B4D-199F-4AE0-8F05-E9B6C509E33D}.Release|x64.Build.0 = Release|x64
		{FA346B4D-199F-4AE0-8F05-E9B6C509E33D}.Release|x86.ActiveCfg = Release|x86
		{FA346B4D-199F-4AE0-8F05-E9B6C509E33D}.Release|x86.Build.0 = Release|x86
	EndGlobalSection
	GlobalSection(SolutionProperties) = preSolution
		HideSolutionNode = FALSE
	EndGlobalSection
	GlobalSection(ExtensibilityGlobals) = postSolution
		SolutionGuid = {4CCFA287-F54D-41DB-8045-D2D70EE89D1A}
	EndGlobalSection
EndGlobal
